// !$*UTF8*$!
{
	archiveVersion = 1;
	classes = {
	};
	objectVersion = 46;
	objects = {

/* Begin PBXBuildFile section */
		0656C4C725A39F4352425755 /* Pods.framework in Frameworks */ = {isa = PBXBuildFile; fileRef = 7AE5E94DF05BDC0ACC1436E4 /* Pods.framework */; };
		371C8C681C7CCE2000468E1C /* AppDelegate.swift in Sources */ = {isa = PBXBuildFile; fileRef = 371C8C671C7CCE2000468E1C /* AppDelegate.swift */; };
		371C8C6A1C7CCE2000468E1C /* ViewController.swift in Sources */ = {isa = PBXBuildFile; fileRef = 371C8C691C7CCE2000468E1C /* ViewController.swift */; };
		371C8C6D1C7CCE2000468E1C /* Main.storyboard in Resources */ = {isa = PBXBuildFile; fileRef = 371C8C6B1C7CCE2000468E1C /* Main.storyboard */; };
		371C8C6F1C7CCE2000468E1C /* Assets.xcassets in Resources */ = {isa = PBXBuildFile; fileRef = 371C8C6E1C7CCE2000468E1C /* Assets.xcassets */; };
		371C8C721C7CCE2000468E1C /* LaunchScreen.storyboard in Resources */ = {isa = PBXBuildFile; fileRef = 371C8C701C7CCE2000468E1C /* LaunchScreen.storyboard */; };
		371C8C7D1C7CCE2000468E1C /* NearablesTests.swift in Sources */ = {isa = PBXBuildFile; fileRef = 371C8C7C1C7CCE2000468E1C /* NearablesTests.swift */; };
		371C8C881C7CCE2000468E1C /* NearablesUITests.swift in Sources */ = {isa = PBXBuildFile; fileRef = 371C8C871C7CCE2000468E1C /* NearablesUITests.swift */; };
		371C8C9B1C7CD79500468E1C /* Nearable.swift in Sources */ = {isa = PBXBuildFile; fileRef = 371C8C9A1C7CD79500468E1C /* Nearable.swift */; };
		371C8C9C1C7CD79500468E1C /* Nearable.swift in Sources */ = {isa = PBXBuildFile; fileRef = 371C8C9A1C7CD79500468E1C /* Nearable.swift */; };
		371C8C9D1C7CD79500468E1C /* Nearable.swift in Sources */ = {isa = PBXBuildFile; fileRef = 371C8C9A1C7CD79500468E1C /* Nearable.swift */; };
		37D65D701C80816100AAFE70 /* MQTTBrokerDetails.swift in Sources */ = {isa = PBXBuildFile; fileRef = 37D65D6F1C80816100AAFE70 /* MQTTBrokerDetails.swift */; };
/* End PBXBuildFile section */

/* Begin PBXContainerItemProxy section */
		371C8C791C7CCE2000468E1C /* PBXContainerItemProxy */ = {
			isa = PBXContainerItemProxy;
			containerPortal = 371C8C5C1C7CCE2000468E1C /* Project object */;
			proxyType = 1;
			remoteGlobalIDString = 371C8C631C7CCE2000468E1C;
			remoteInfo = Nearables;
		};
		371C8C841C7CCE2000468E1C /* PBXContainerItemProxy */ = {
			isa = PBXContainerItemProxy;
			containerPortal = 371C8C5C1C7CCE2000468E1C /* Project object */;
			proxyType = 1;
			remoteGlobalIDString = 371C8C631C7CCE2000468E1C;
			remoteInfo = Nearables;
		};
/* End PBXContainerItemProxy section */

/* Begin PBXFileReference section */
		371C8C641C7CCE2000468E1C /* Nearables.app */ = {isa = PBXFileReference; explicitFileType = wrapper.application; includeInIndex = 0; path = Nearables.app; sourceTree = BUILT_PRODUCTS_DIR; };
		371C8C671C7CCE2000468E1C /* AppDelegate.swift */ = {isa = PBXFileReference; lastKnownFileType = sourcecode.swift; path = AppDelegate.swift; sourceTree = "<group>"; };
		371C8C691C7CCE2000468E1C /* ViewController.swift */ = {isa = PBXFileReference; lastKnownFileType = sourcecode.swift; path = ViewController.swift; sourceTree = "<group>"; };
		371C8C6C1C7CCE2000468E1C /* Base */ = {isa = PBXFileReference; lastKnownFileType = file.storyboard; name = Base; path = Base.lproj/Main.storyboard; sourceTree = "<group>"; };
		371C8C6E1C7CCE2000468E1C /* Assets.xcassets */ = {isa = PBXFileReference; lastKnownFileType = folder.assetcatalog; path = Assets.xcassets; sourceTree = "<group>"; };
		371C8C711C7CCE2000468E1C /* Base */ = {isa = PBXFileReference; lastKnownFileType = file.storyboard; name = Base; path = Base.lproj/LaunchScreen.storyboard; sourceTree = "<group>"; };
		371C8C731C7CCE2000468E1C /* Info.plist */ = {isa = PBXFileReference; lastKnownFileType = text.plist.xml; path = Info.plist; sourceTree = "<group>"; };
		371C8C781C7CCE2000468E1C /* NearablesTests.xctest */ = {isa = PBXFileReference; explicitFileType = wrapper.cfbundle; includeInIndex = 0; path = NearablesTests.xctest; sourceTree = BUILT_PRODUCTS_DIR; };
		371C8C7C1C7CCE2000468E1C /* NearablesTests.swift */ = {isa = PBXFileReference; lastKnownFileType = sourcecode.swift; path = NearablesTests.swift; sourceTree = "<group>"; };
		371C8C7E1C7CCE2000468E1C /* Info.plist */ = {isa = PBXFileReference; lastKnownFileType = text.plist.xml; path = Info.plist; sourceTree = "<group>"; };
		371C8C831C7CCE2000468E1C /* NearablesUITests.xctest */ = {isa = PBXFileReference; explicitFileType = wrapper.cfbundle; includeInIndex = 0; path = NearablesUITests.xctest; sourceTree = BUILT_PRODUCTS_DIR; };
		371C8C871C7CCE2000468E1C /* NearablesUITests.swift */ = {isa = PBXFileReference; lastKnownFileType = sourcecode.swift; path = NearablesUITests.swift; sourceTree = "<group>"; };
		371C8C891C7CCE2000468E1C /* Info.plist */ = {isa = PBXFileReference; lastKnownFileType = text.plist.xml; path = Info.plist; sourceTree = "<group>"; };
		371C8C991C7CCE7000468E1C /* ObjCBridge.h */ = {isa = PBXFileReference; lastKnownFileType = sourcecode.c.h; path = ObjCBridge.h; sourceTree = "<group>"; };
		371C8C9A1C7CD79500468E1C /* Nearable.swift */ = {isa = PBXFileReference; fileEncoding = 4; lastKnownFileType = sourcecode.swift; path = Nearable.swift; sourceTree = "<group>"; };
		37D65D6F1C80816100AAFE70 /* MQTTBrokerDetails.swift */ = {isa = PBXFileReference; fileEncoding = 4; lastKnownFileType = sourcecode.swift; path = MQTTBrokerDetails.swift; sourceTree = "<group>"; };
		7AE5E94DF05BDC0ACC1436E4 /* Pods.framework */ = {isa = PBXFileReference; explicitFileType = wrapper.framework; includeInIndex = 0; path = Pods.framework; sourceTree = BUILT_PRODUCTS_DIR; };
		9AB499086A57E35132A87620 /* Pods.debug.xcconfig */ = {isa = PBXFileReference; includeInIndex = 1; lastKnownFileType = text.xcconfig; name = Pods.debug.xcconfig; path = "Pods/Target Support Files/Pods/Pods.debug.xcconfig"; sourceTree = "<group>"; };
		A2106F2442044F3BD545798A /* Pods.release.xcconfig */ = {isa = PBXFileReference; includeInIndex = 1; lastKnownFileType = text.xcconfig; name = Pods.release.xcconfig; path = "Pods/Target Support Files/Pods/Pods.release.xcconfig"; sourceTree = "<group>"; };
/* End PBXFileReference section */

/* Begin PBXFrameworksBuildPhase section */
		371C8C611C7CCE2000468E1C /* Frameworks */ = {
			isa = PBXFrameworksBuildPhase;
			buildActionMask = 2147483647;
			files = (
				0656C4C725A39F4352425755 /* Pods.framework in Frameworks */,
			);
			runOnlyForDeploymentPostprocessing = 0;
		};
		371C8C751C7CCE2000468E1C /* Frameworks */ = {
			isa = PBXFrameworksBuildPhase;
			buildActionMask = 2147483647;
			files = (
			);
			runOnlyForDeploymentPostprocessing = 0;
		};
		371C8C801C7CCE2000468E1C /* Frameworks */ = {
			isa = PBXFrameworksBuildPhase;
			buildActionMask = 2147483647;
			files = (
			);
			runOnlyForDeploymentPostprocessing = 0;
		};
/* End PBXFrameworksBuildPhase section */

/* Begin PBXGroup section */
		03487019A2243012986670FE /* Frameworks */ = {
			isa = PBXGroup;
			children = (
				7AE5E94DF05BDC0ACC1436E4 /* Pods.framework */,
			);
			name = Frameworks;
			sourceTree = "<group>";
		};
		371C8C5B1C7CCE2000468E1C = {
			isa = PBXGroup;
			children = (
				371C8C661C7CCE2000468E1C /* Nearables */,
				371C8C7B1C7CCE2000468E1C /* NearablesTests */,
				371C8C861C7CCE2000468E1C /* NearablesUITests */,
				371C8C651C7CCE2000468E1C /* Products */,
				CD2E0F71867A8062B23DD696 /* Pods */,
				03487019A2243012986670FE /* Frameworks */,
			);
			sourceTree = "<group>";
		};
		371C8C651C7CCE2000468E1C /* Products */ = {
			isa = PBXGroup;
			children = (
				371C8C641C7CCE2000468E1C /* Nearables.app */,
				371C8C781C7CCE2000468E1C /* NearablesTests.xctest */,
				371C8C831C7CCE2000468E1C /* NearablesUITests.xctest */,
			);
			name = Products;
			sourceTree = "<group>";
		};
		371C8C661C7CCE2000468E1C /* Nearables */ = {
			isa = PBXGroup;
			children = (
				371C8C671C7CCE2000468E1C /* AppDelegate.swift */,
				371C8C691C7CCE2000468E1C /* ViewController.swift */,
				37D65D6F1C80816100AAFE70 /* MQTTBrokerDetails.swift */,
				371C8C9A1C7CD79500468E1C /* Nearable.swift */,
				371C8C6B1C7CCE2000468E1C /* Main.storyboard */,
				371C8C6E1C7CCE2000468E1C /* Assets.xcassets */,
				371C8C701C7CCE2000468E1C /* LaunchScreen.storyboard */,
				371C8C731C7CCE2000468E1C /* Info.plist */,
				371C8C991C7CCE7000468E1C /* ObjCBridge.h */,
			);
			path = Nearables;
			sourceTree = "<group>";
		};
		371C8C7B1C7CCE2000468E1C /* NearablesTests */ = {
			isa = PBXGroup;
			children = (
				371C8C7C1C7CCE2000468E1C /* NearablesTests.swift */,
				371C8C7E1C7CCE2000468E1C /* Info.plist */,
			);
			path = NearablesTests;
			sourceTree = "<group>";
		};
		371C8C861C7CCE2000468E1C /* NearablesUITests */ = {
			isa = PBXGroup;
			children = (
				371C8C871C7CCE2000468E1C /* NearablesUITests.swift */,
				371C8C891C7CCE2000468E1C /* Info.plist */,
			);
			path = NearablesUITests;
			sourceTree = "<group>";
		};
		CD2E0F71867A8062B23DD696 /* Pods */ = {
			isa = PBXGroup;
			children = (
				9AB499086A57E35132A87620 /* Pods.debug.xcconfig */,
				A2106F2442044F3BD545798A /* Pods.release.xcconfig */,
			);
			name = Pods;
			sourceTree = "<group>";
		};
/* End PBXGroup section */

/* Begin PBXNativeTarget section */
		371C8C631C7CCE2000468E1C /* Nearables */ = {
			isa = PBXNativeTarget;
			buildConfigurationList = 371C8C8C1C7CCE2000468E1C /* Build configuration list for PBXNativeTarget "Nearables" */;
			buildPhases = (
				91D491AD9A9167F2B7586E85 /* Check Pods Manifest.lock */,
				371C8C601C7CCE2000468E1C /* Sources */,
				371C8C611C7CCE2000468E1C /* Frameworks */,
				371C8C621C7CCE2000468E1C /* Resources */,
				5FE9366CAF7691895C477E32 /* Embed Pods Frameworks */,
				4E31C793BF74A0C8A9A2B20E /* Copy Pods Resources */,
			);
			buildRules = (
			);
			dependencies = (
			);
			name = Nearables;
			productName = Nearables;
			productReference = 371C8C641C7CCE2000468E1C /* Nearables.app */;
			productType = "com.apple.product-type.application";
		};
		371C8C771C7CCE2000468E1C /* NearablesTests */ = {
			isa = PBXNativeTarget;
			buildConfigurationList = 371C8C8F1C7CCE2000468E1C /* Build configuration list for PBXNativeTarget "NearablesTests" */;
			buildPhases = (
				371C8C741C7CCE2000468E1C /* Sources */,
				371C8C751C7CCE2000468E1C /* Frameworks */,
				371C8C761C7CCE2000468E1C /* Resources */,
			);
			buildRules = (
			);
			dependencies = (
				371C8C7A1C7CCE2000468E1C /* PBXTargetDependency */,
			);
			name = NearablesTests;
			productName = NearablesTests;
			productReference = 371C8C781C7CCE2000468E1C /* NearablesTests.xctest */;
			productType = "com.apple.product-type.bundle.unit-test";
		};
		371C8C821C7CCE2000468E1C /* NearablesUITests */ = {
			isa = PBXNativeTarget;
			buildConfigurationList = 371C8C921C7CCE2000468E1C /* Build configuration list for PBXNativeTarget "NearablesUITests" */;
			buildPhases = (
				371C8C7F1C7CCE2000468E1C /* Sources */,
				371C8C801C7CCE2000468E1C /* Frameworks */,
				371C8C811C7CCE2000468E1C /* Resources */,
			);
			buildRules = (
			);
			dependencies = (
				371C8C851C7CCE2000468E1C /* PBXTargetDependency */,
			);
			name = NearablesUITests;
			productName = NearablesUITests;
			productReference = 371C8C831C7CCE2000468E1C /* NearablesUITests.xctest */;
			productType = "com.apple.product-type.bundle.ui-testing";
		};
/* End PBXNativeTarget section */

/* Begin PBXProject section */
		371C8C5C1C7CCE2000468E1C /* Project object */ = {
			isa = PBXProject;
			attributes = {
				LastSwiftUpdateCheck = 0720;
				LastUpgradeCheck = 0720;
				ORGANIZATIONNAME = "Greg Dowling";
				TargetAttributes = {
					371C8C631C7CCE2000468E1C = {
						CreatedOnToolsVersion = 7.2.1;
						DevelopmentTeam = CV5Q25VKZ3;
						SystemCapabilities = {
							com.apple.BackgroundModes = {
								enabled = 1;
							};
						};
					};
					371C8C771C7CCE2000468E1C = {
						CreatedOnToolsVersion = 7.2.1;
						DevelopmentTeam = CV5Q25VKZ3;
						TestTargetID = 371C8C631C7CCE2000468E1C;
					};
					371C8C821C7CCE2000468E1C = {
						CreatedOnToolsVersion = 7.2.1;
						DevelopmentTeam = CV5Q25VKZ3;
						TestTargetID = 371C8C631C7CCE2000468E1C;
					};
				};
			};
			buildConfigurationList = 371C8C5F1C7CCE2000468E1C /* Build configuration list for PBXProject "Nearables" */;
			compatibilityVersion = "Xcode 3.2";
			developmentRegion = English;
			hasScannedForEncodings = 0;
			knownRegions = (
				en,
				Base,
			);
			mainGroup = 371C8C5B1C7CCE2000468E1C;
			productRefGroup = 371C8C651C7CCE2000468E1C /* Products */;
			projectDirPath = "";
			projectRoot = "";
			targets = (
				371C8C631C7CCE2000468E1C /* Nearables */,
				371C8C771C7CCE2000468E1C /* NearablesTests */,
				371C8C821C7CCE2000468E1C /* NearablesUITests */,
			);
		};
/* End PBXProject section */

/* Begin PBXResourcesBuildPhase section */
		371C8C621C7CCE2000468E1C /* Resources */ = {
			isa = PBXResourcesBuildPhase;
			buildActionMask = 2147483647;
			files = (
				371C8C721C7CCE2000468E1C /* LaunchScreen.storyboard in Resources */,
				371C8C6F1C7CCE2000468E1C /* Assets.xcassets in Resources */,
				371C8C6D1C7CCE2000468E1C /* Main.storyboard in Resources */,
			);
			runOnlyForDeploymentPostprocessing = 0;
		};
		371C8C761C7CCE2000468E1C /* Resources */ = {
			isa = PBXResourcesBuildPhase;
			buildActionMask = 2147483647;
			files = (
			);
			runOnlyForDeploymentPostprocessing = 0;
		};
		371C8C811C7CCE2000468E1C /* Resources */ = {
			isa = PBXResourcesBuildPhase;
			buildActionMask = 2147483647;
			files = (
			);
			runOnlyForDeploymentPostprocessing = 0;
		};
/* End PBXResourcesBuildPhase section */

/* Begin PBXShellScriptBuildPhase section */
		4E31C793BF74A0C8A9A2B20E /* Copy Pods Resources */ = {
			isa = PBXShellScriptBuildPhase;
			buildActionMask = 2147483647;
			files = (
			);
			inputPaths = (
			);
			name = "Copy Pods Resources";
			outputPaths = (
			);
			runOnlyForDeploymentPostprocessing = 0;
			shellPath = /bin/sh;
			shellScript = "\"${SRCROOT}/Pods/Target Support Files/Pods/Pods-resources.sh\"\n";
			showEnvVarsInLog = 0;
		};
		5FE9366CAF7691895C477E32 /* Embed Pods Frameworks */ = {
			isa = PBXShellScriptBuildPhase;
			buildActionMask = 2147483647;
			files = (
			);
			inputPaths = (
			);
			name = "Embed Pods Frameworks";
			outputPaths = (
			);
			runOnlyForDeploymentPostprocessing = 0;
			shellPath = /bin/sh;
			shellScript = "\"${SRCROOT}/Pods/Target Support Files/Pods/Pods-frameworks.sh\"\n";
			showEnvVarsInLog = 0;
		};
		91D491AD9A9167F2B7586E85 /* Check Pods Manifest.lock */ = {
			isa = PBXShellScriptBuildPhase;
			buildActionMask = 2147483647;
			files = (
			);
			inputPaths = (
			);
			name = "Check Pods Manifest.lock";
			outputPaths = (
			);
			runOnlyForDeploymentPostprocessing = 0;
			shellPath = /bin/sh;
			shellScript = "diff \"${PODS_ROOT}/../Podfile.lock\" \"${PODS_ROOT}/Manifest.lock\" > /dev/null\nif [[ $? != 0 ]] ; then\n    cat << EOM\nerror: The sandbox is not in sync with the Podfile.lock. Run 'pod install' or update your CocoaPods installation.\nEOM\n    exit 1\nfi\n";
			showEnvVarsInLog = 0;
		};
/* End PBXShellScriptBuildPhase section */

/* Begin PBXSourcesBuildPhase section */
		371C8C601C7CCE2000468E1C /* Sources */ = {
			isa = PBXSourcesBuildPhase;
			buildActionMask = 2147483647;
			files = (
				371C8C6A1C7CCE2000468E1C /* ViewController.swift in Sources */,
				371C8C9B1C7CD79500468E1C /* Nearable.swift in Sources */,
				371C8C681C7CCE2000468E1C /* AppDelegate.swift in Sources */,
				37D65D701C80816100AAFE70 /* MQTTBrokerDetails.swift in Sources */,
			);
			runOnlyForDeploymentPostprocessing = 0;
		};
		371C8C741C7CCE2000468E1C /* Sources */ = {
			isa = PBXSourcesBuildPhase;
			buildActionMask = 2147483647;
			files = (
				371C8C7D1C7CCE2000468E1C /* NearablesTests.swift in Sources */,
				371C8C9C1C7CD79500468E1C /* Nearable.swift in Sources */,
			);
			runOnlyForDeploymentPostprocessing = 0;
		};
		371C8C7F1C7CCE2000468E1C /* Sources */ = {
			isa = PBXSourcesBuildPhase;
			buildActionMask = 2147483647;
			files = (
				371C8C881C7CCE2000468E1C /* NearablesUITests.swift in Sources */,
				371C8C9D1C7CD79500468E1C /* Nearable.swift in Sources */,
			);
			runOnlyForDeploymentPostprocessing = 0;
		};
/* End PBXSourcesBuildPhase section */

/* Begin PBXTargetDependency section */
		371C8C7A1C7CCE2000468E1C /* PBXTargetDependency */ = {
			isa = PBXTargetDependency;
			target = 371C8C631C7CCE2000468E1C /* Nearables */;
			targetProxy = 371C8C791C7CCE2000468E1C /* PBXContainerItemProxy */;
		};
		371C8C851C7CCE2000468E1C /* PBXTargetDependency */ = {
			isa = PBXTargetDependency;
			target = 371C8C631C7CCE2000468E1C /* Nearables */;
			targetProxy = 371C8C841C7CCE2000468E1C /* PBXContainerItemProxy */;
		};
/* End PBXTargetDependency section */

/* Begin PBXVariantGroup section */
		371C8C6B1C7CCE2000468E1C /* Main.storyboard */ = {
			isa = PBXVariantGroup;
			children = (
				371C8C6C1C7CCE2000468E1C /* Base */,
			);
			name = Main.storyboard;
			sourceTree = "<group>";
		};
		371C8C701C7CCE2000468E1C /* LaunchScreen.storyboard */ = {
			isa = PBXVariantGroup;
			children = (
				371C8C711C7CCE2000468E1C /* Base */,
			);
			name = LaunchScreen.storyboard;
			sourceTree = "<group>";
		};
/* End PBXVariantGroup section */

/* Begin XCBuildConfiguration section */
		371C8C8A1C7CCE2000468E1C /* Debug */ = {
			isa = XCBuildConfiguration;
			buildSettings = {
				ALWAYS_SEARCH_USER_PATHS = NO;
				CLANG_CXX_LANGUAGE_STANDARD = "gnu++0x";
				CLANG_CXX_LIBRARY = "libc++";
				CLANG_ENABLE_MODULES = YES;
				CLANG_ENABLE_OBJC_ARC = YES;
				CLANG_WARN_BOOL_CONVERSION = YES;
				CLANG_WARN_CONSTANT_CONVERSION = YES;
				CLANG_WARN_DIRECT_OBJC_ISA_USAGE = YES_ERROR;
				CLANG_WARN_EMPTY_BODY = YES;
				CLANG_WARN_ENUM_CONVERSION = YES;
				CLANG_WARN_INT_CONVERSION = YES;
				CLANG_WARN_OBJC_ROOT_CLASS = YES_ERROR;
				CLANG_WARN_UNREACHABLE_CODE = YES;
				CLANG_WARN__DUPLICATE_METHOD_MATCH = YES;
				"CODE_SIGN_IDENTITY[sdk=iphoneos*]" = "iPhone Developer";
				COPY_PHASE_STRIP = NO;
				DEBUG_INFORMATION_FORMAT = dwarf;
				ENABLE_STRICT_OBJC_MSGSEND = YES;
				ENABLE_TESTABILITY = YES;
				GCC_C_LANGUAGE_STANDARD = gnu99;
				GCC_DYNAMIC_NO_PIC = NO;
				GCC_NO_COMMON_BLOCKS = YES;
				GCC_OPTIMIZATION_LEVEL = 0;
				GCC_PREPROCESSOR_DEFINITIONS = (
					"DEBUG=1",
					"$(inherited)",
				);
				GCC_WARN_64_TO_32_BIT_CONVERSION = YES;
				GCC_WARN_ABOUT_RETURN_TYPE = YES_ERROR;
				GCC_WARN_UNDECLARED_SELECTOR = YES;
				GCC_WARN_UNINITIALIZED_AUTOS = YES_AGGRESSIVE;
				GCC_WARN_UNUSED_FUNCTION = YES;
				GCC_WARN_UNUSED_VARIABLE = YES;
				IPHONEOS_DEPLOYMENT_TARGET = 9.3;
				MTL_ENABLE_DEBUG_INFO = YES;
				ONLY_ACTIVE_ARCH = YES;
				SDKROOT = iphoneos;
				SWIFT_OPTIMIZATION_LEVEL = "-Onone";
				TARGETED_DEVICE_FAMILY = "1,2";
			};
			name = Debug;
		};
		371C8C8B1C7CCE2000468E1C /* Release */ = {
			isa = XCBuildConfiguration;
			buildSettings = {
				ALWAYS_SEARCH_USER_PATHS = NO;
				CLANG_CXX_LANGUAGE_STANDARD = "gnu++0x";
				CLANG_CXX_LIBRARY = "libc++";
				CLANG_ENABLE_MODULES = YES;
				CLANG_ENABLE_OBJC_ARC = YES;
				CLANG_WARN_BOOL_CONVERSION = YES;
				CLANG_WARN_CONSTANT_CONVERSION = YES;
				CLANG_WARN_DIRECT_OBJC_ISA_USAGE = YES_ERROR;
				CLANG_WARN_EMPTY_BODY = YES;
				CLANG_WARN_ENUM_CONVERSION = YES;
				CLANG_WARN_INT_CONVERSION = YES;
				CLANG_WARN_OBJC_ROOT_CLASS = YES_ERROR;
				CLANG_WARN_UNREACHABLE_CODE = YES;
				CLANG_WARN__DUPLICATE_METHOD_MATCH = YES;
				"CODE_SIGN_IDENTITY[sdk=iphoneos*]" = "iPhone Developer";
				COPY_PHASE_STRIP = NO;
				DEBUG_INFORMATION_FORMAT = "dwarf-with-dsym";
				ENABLE_NS_ASSERTIONS = NO;
				ENABLE_STRICT_OBJC_MSGSEND = YES;
				GCC_C_LANGUAGE_STANDARD = gnu99;
				GCC_NO_COMMON_BLOCKS = YES;
				GCC_WARN_64_TO_32_BIT_CONVERSION = YES;
				GCC_WARN_ABOUT_RETURN_TYPE = YES_ERROR;
				GCC_WARN_UNDECLARED_SELECTOR = YES;
				GCC_WARN_UNINITIALIZED_AUTOS = YES_AGGRESSIVE;
				GCC_WARN_UNUSED_FUNCTION = YES;
				GCC_WARN_UNUSED_VARIABLE = YES;
				IPHONEOS_DEPLOYMENT_TARGET = 9.3;
				MTL_ENABLE_DEBUG_INFO = NO;
				SDKROOT = iphoneos;
				TARGETED_DEVICE_FAMILY = "1,2";
				VALIDATE_PRODUCT = YES;
			};
			name = Release;
		};
		371C8C8D1C7CCE2000468E1C /* Debug */ = {
			isa = XCBuildConfiguration;
			baseConfigurationReference = 9AB499086A57E35132A87620 /* Pods.debug.xcconfig */;
			buildSettings = {
				ASSETCATALOG_COMPILER_APPICON_NAME = AppIcon;
				FRAMEWORK_SEARCH_PATHS = (
					"$(inherited)",
					"$(PROJECT_DIR)",
				);
				INFOPLIST_FILE = Nearables/Info.plist;
				LD_RUNPATH_SEARCH_PATHS = "$(inherited) @executable_path/Frameworks";
				PRODUCT_BUNDLE_IDENTIFIER = Foundry.Nearables;
				PRODUCT_NAME = "$(TARGET_NAME)";
				SWIFT_OBJC_BRIDGING_HEADER = "${PROJECT_NAME}/ObjCBridge.h";
			};
			name = Debug;
		};
		371C8C8E1C7CCE2000468E1C /* Release */ = {
			isa = XCBuildConfiguration;
			baseConfigurationReference = A2106F2442044F3BD545798A /* Pods.release.xcconfig */;
			buildSettings = {
				ASSETCATALOG_COMPILER_APPICON_NAME = AppIcon;
				FRAMEWORK_SEARCH_PATHS = (
					"$(inherited)",
					"$(PROJECT_DIR)",
				);
				INFOPLIST_FILE = Nearables/Info.plist;
				LD_RUNPATH_SEARCH_PATHS = "$(inherited) @executable_path/Frameworks";
				PRODUCT_BUNDLE_IDENTIFIER = Foundry.Nearables;
				PRODUCT_NAME = "$(TARGET_NAME)";
				SWIFT_OBJC_BRIDGING_HEADER = "${PROJECT_NAME}/ObjCBridge.h";
			};
			name = Release;
		};
		371C8C901C7CCE2000468E1C /* Debug */ = {
			isa = XCBuildConfiguration;
			buildSettings = {
				BUNDLE_LOADER = "$(TEST_HOST)";
				FRAMEWORK_SEARCH_PATHS = (
					"$(inherited)",
					"$(PROJECT_DIR)",
				);
				INFOPLIST_FILE = NearablesTests/Info.plist;
				LD_RUNPATH_SEARCH_PATHS = "$(inherited) @executable_path/Frameworks @loader_path/Frameworks";
				PRODUCT_BUNDLE_IDENTIFIER = Foundry.NearablesTests;
				PRODUCT_NAME = "$(TARGET_NAME)";
				TEST_HOST = "$(BUILT_PRODUCTS_DIR)/Nearables.app/Nearables";
			};
			name = Debug;
		};
		371C8C911C7CCE2000468E1C /* Release */ = {
			isa = XCBuildConfiguration;
			buildSettings = {
				BUNDLE_LOADER = "$(TEST_HOST)";
				FRAMEWORK_SEARCH_PATHS = (
					"$(inherited)",
					"$(PROJECT_DIR)",
				);
				INFOPLIST_FILE = NearablesTests/Info.plist;
				LD_RUNPATH_SEARCH_PATHS = "$(inherited) @executable_path/Frameworks @loader_path/Frameworks";
				PRODUCT_BUNDLE_IDENTIFIER = Foundry.NearablesTests;
				PRODUCT_NAME = "$(TARGET_NAME)";
				TEST_HOST = "$(BUILT_PRODUCTS_DIR)/Nearables.app/Nearables";
			};
			name = Release;
		};
		371C8C931C7CCE2000468E1C /* Debug */ = {
			isa = XCBuildConfiguration;
			buildSettings = {
				FRAMEWORK_SEARCH_PATHS = (
					"$(inherited)",
					"$(PROJECT_DIR)",
				);
				INFOPLIST_FILE = NearablesUITests/Info.plist;
				LD_RUNPATH_SEARCH_PATHS = "$(inherited) @executable_path/Frameworks @loader_path/Frameworks";
				PRODUCT_BUNDLE_IDENTIFIER = Foundry.NearablesUITests;
				PRODUCT_NAME = "$(TARGET_NAME)";
				TEST_TARGET_NAME = Nearables;
				USES_XCTRUNNER = YES;
			};
			name = Debug;
		};
		371C8C941C7CCE2000468E1C /* Release */ = {
			isa = XCBuildConfiguration;
			buildSettings = {
				FRAMEWORK_SEARCH_PATHS = (
					"$(inherited)",
					"$(PROJECT_DIR)",
				);
				INFOPLIST_FILE = NearablesUITests/Info.plist;
				LD_RUNPATH_SEARCH_PATHS = "$(inherited) @executable_path/Frameworks @loader_path/Frameworks";
				PRODUCT_BUNDLE_IDENTIFIER = Foundry.NearablesUITests;
				PRODUCT_NAME = "$(TARGET_NAME)";
				TEST_TARGET_NAME = Nearables;
				USES_XCTRUNNER = YES;
			};
			name = Release;
		};
/* End XCBuildConfiguration section */

/* Begin XCConfigurationList section */
		371C8C5F1C7CCE2000468E1C /* Build configuration list for PBXProject "Nearables" */ = {
			isa = XCConfigurationList;
			buildConfigurations = (
				371C8C8A1C7CCE2000468E1C /* Debug */,
				371C8C8B1C7CCE2000468E1C /* Release */,
			);
			defaultConfigurationIsVisible = 0;
			defaultConfigurationName = Release;
		};
		371C8C8C1C7CCE2000468E1C /* Build configuration list for PBXNativeTarget "Nearables" */ = {
			isa = XCConfigurationList;
			buildConfigurations = (
				371C8C8D1C7CCE2000468E1C /* Debug */,
				371C8C8E1C7CCE2000468E1C /* Release */,
			);
			defaultConfigurationIsVisible = 0;
			defaultConfigurationName = Release;
		};
		371C8C8F1C7CCE2000468E1C /* Build configuration list for PBXNativeTarget "NearablesTests" */ = {
			isa = XCConfigurationList;
			buildConfigurations = (
				371C8C901C7CCE2000468E1C /* Debug */,
				371C8C911C7CCE2000468E1C /* Release */,
			);
			defaultConfigurationIsVisible = 0;
			defaultConfigurationName = Release;
		};
		371C8C921C7CCE2000468E1C /* Build configuration list for PBXNativeTarget "NearablesUITests" */ = {
			isa = XCConfigurationList;
			buildConfigurations = (
				371C8C931C7CCE2000468E1C /* Debug */,
				371C8C941C7CCE2000468E1C /* Release */,
			);
			defaultConfigurationIsVisible = 0;
			defaultConfigurationName = Release;
		};
/* End XCConfigurationList section */
	};
	rootObject = 371C8C5C1C7CCE2000468E1C /* Project object */;
}
